
Microsoft Visual Studio Solution File, Format Version 12.00
# Visual Studio Version 16
VisualStudioVersion = 16.0.29709.97
MinimumVisualStudioVersion = 10.0.40219.1
Project("{FAE04EC0-301F-11D3-BF4B-00C04F79EFBC}") = "SugarHigh", "SugarHigh\SugarHigh.csproj", "{B19B6CD2-D810-4D79-8BE3-930A0B373F15}"
EndProject
Global
	GlobalSection(SolutionConfigurationPlatforms) = preSolution
		Debug|Any CPU = Debug|Any CPU
		Release|Any CPU = Release|Any CPU
	EndGlobalSection
	GlobalSection(ProjectConfigurationPlatforms) = postSolution
		{B19B6CD2-D810-4D79-8BE3-930A0B373F15}.Debug|Any CPU.ActiveCfg = Debug|Any CPU
		{B19B6CD2-D810-4D79-8BE3-930A0B373F15}.Debug|Any CPU.Build.0 = Debug|Any CPU
		{B19B6CD2-D810-4D79-8BE3-930A0B373F15}.Release|Any CPU.ActiveCfg = Release|Any CPU
		{B19B6CD2-D810-4D79-8BE3-930A0B373F15}.Release|Any CPU.Build.0 = Release|Any CPU
	EndGlobalSection
	GlobalSection(SolutionProperties) = preSolution
		HideSolutionNode = FALSE
	EndGlobalSection
	GlobalSection(ExtensibilityGlobals) = postSolution
		SolutionGuid = {00827D81-2A70-4EC8-89BC-486E5B42A65B}
	EndGlobalSection
EndGlobal
